
Microsoft Visual Studio Solution File, Format Version 12.00
# Visual Studio Version 16
VisualStudioVersion = 16.0.28803.352
MinimumVisualStudioVersion = 10.0.40219.1
Project("{FAE04EC0-301F-11D3-BF4B-00C04F79EFBC}") = "Rabbit.DotNetCore.Send", "..\Rabbit.DotNetCore\Rabbit.DotNetCore.Send\Rabbit.DotNetCore.Send.csproj", "{BAF56C01-0660-4FE1-858A-70031158944E}"
EndProject
Project("{FAE04EC0-301F-11D3-BF4B-00C04F79EFBC}") = "Rabbit.DotNetCore.Receive", "..\Rabbit.DotNetCore\Rabbit.DotNetCore.Receive\Rabbit.DotNetCore.Receive.csproj", "{0AEF5604-E5FA-4488-86A9-CAC429FA8DB4}"
EndProject
Project("{FAE04EC0-301F-11D3-BF4B-00C04F79EFBC}") = "Rabbit.DotNetCore.Tests", "..\Rabbit.DotNetCore\Rabbit.DotNetCore.Tests\Rabbit.DotNetCore.Tests.csproj", "{B48B91F2-578E-4943-93A7-8A1BA7D635A9}"
EndProject
Global
	GlobalSection(SolutionConfigurationPlatforms) = preSolution
		Debug|Any CPU = Debug|Any CPU
		Release|Any CPU = Release|Any CPU
	EndGlobalSection
	GlobalSection(ProjectConfigurationPlatforms) = postSolution
		{BAF56C01-0660-4FE1-858A-70031158944E}.Debug|Any CPU.ActiveCfg = Debug|Any CPU
		{BAF56C01-0660-4FE1-858A-70031158944E}.Debug|Any CPU.Build.0 = Debug|Any CPU
		{BAF56C01-0660-4FE1-858A-70031158944E}.Release|Any CPU.ActiveCfg = Release|Any CPU
		{BAF56C01-0660-4FE1-858A-70031158944E}.Release|Any CPU.Build.0 = Release|Any CPU
		{0AEF5604-E5FA-4488-86A9-CAC429FA8DB4}.Debug|Any CPU.ActiveCfg = Debug|Any CPU
		{0AEF5604-E5FA-4488-86A9-CAC429FA8DB4}.Debug|Any CPU.Build.0 = Debug|Any CPU
		{0AEF5604-E5FA-4488-86A9-CAC429FA8DB4}.Release|Any CPU.ActiveCfg = Release|Any CPU
		{0AEF5604-E5FA-4488-86A9-CAC429FA8DB4}.Release|Any CPU.Build.0 = Release|Any CPU
		{B48B91F2-578E-4943-93A7-8A1BA7D635A9}.Debug|Any CPU.ActiveCfg = Debug|Any CPU
		{B48B91F2-578E-4943-93A7-8A1BA7D635A9}.Debug|Any CPU.Build.0 = Debug|Any CPU
		{B48B91F2-578E-4943-93A7-8A1BA7D635A9}.Release|Any CPU.ActiveCfg = Release|Any CPU
		{B48B91F2-578E-4943-93A7-8A1BA7D635A9}.Release|Any CPU.Build.0 = Release|Any CPU
	EndGlobalSection
	GlobalSection(SolutionProperties) = preSolution
		HideSolutionNode = FALSE
	EndGlobalSection
	GlobalSection(ExtensibilityGlobals) = postSolution
		SolutionGuid = {5170B5A3-AB51-45EB-9D07-4FAA2204425F}
	EndGlobalSection
EndGlobal
